
Microsoft Visual Studio Solution File, Format Version 12.00
# Visual Studio Version 16
VisualStudioVersion = 16.0.31729.503
MinimumVisualStudioVersion = 10.0.40219.1
Project("{9A19103F-16F7-4668-BE54-9A1E7A4F7556}") = "iDesafioLinx", "iDesafioLinx\iDesafioLinx.csproj", "{45B7347E-3B27-4778-94D2-5577D3C206C7}"
EndProject
Project("{9A19103F-16F7-4668-BE54-9A1E7A4F7556}") = "BD.Dal", "BD.Dal\BD.Dal.csproj", "{D89F5416-3AAC-4096-B1DF-52B9357253FA}"
EndProject
Global
	GlobalSection(SolutionConfigurationPlatforms) = preSolution
		Debug|Any CPU = Debug|Any CPU
		Release|Any CPU = Release|Any CPU
	EndGlobalSection
	GlobalSection(ProjectConfigurationPlatforms) = postSolution
		{45B7347E-3B27-4778-94D2-5577D3C206C7}.Debug|Any CPU.ActiveCfg = Debug|Any CPU
		{45B7347E-3B27-4778-94D2-5577D3C206C7}.Debug|Any CPU.Build.0 = Debug|Any CPU
		{45B7347E-3B27-4778-94D2-5577D3C206C7}.Release|Any CPU.ActiveCfg = Release|Any CPU
		{45B7347E-3B27-4778-94D2-5577D3C206C7}.Release|Any CPU.Build.0 = Release|Any CPU
		{D89F5416-3AAC-4096-B1DF-52B9357253FA}.Debug|Any CPU.ActiveCfg = Debug|Any CPU
		{D89F5416-3AAC-4096-B1DF-52B9357253FA}.Debug|Any CPU.Build.0 = Debug|Any CPU
		{D89F5416-3AAC-4096-B1DF-52B9357253FA}.Release|Any CPU.ActiveCfg = Release|Any CPU
		{D89F5416-3AAC-4096-B1DF-52B9357253FA}.Release|Any CPU.Build.0 = Release|Any CPU
	EndGlobalSection
	GlobalSection(SolutionProperties) = preSolution
		HideSolutionNode = FALSE
	EndGlobalSection
	GlobalSection(ExtensibilityGlobals) = postSolution
		SolutionGuid = {40953B67-F2CC-43B4-9D9C-791E1676405C}
	EndGlobalSection
EndGlobal
